// !$*UTF8*$!
{
	archiveVersion = 1;
	classes = {
	};
	objectVersion = 46;
	objects = {

/* Begin PBXBuildFile section */
		4C12668B1A7740E7001F8EF7 /* main.m in Sources */ = {isa = PBXBuildFile; fileRef = 4C12668A1A7740E7001F8EF7 /* main.m */; };
		4C12668E1A7740E7001F8EF7 /* AppDelegate.m in Sources */ = {isa = PBXBuildFile; fileRef = 4C12668D1A7740E7001F8EF7 /* AppDelegate.m */; };
		4C1266911A7740E7001F8EF7 /* ViewController.m in Sources */ = {isa = PBXBuildFile; fileRef = 4C1266901A7740E7001F8EF7 /* ViewController.m */; };
		4C1266961A7740E8001F8EF7 /* Images.xcassets in Resources */ = {isa = PBXBuildFile; fileRef = 4C1266951A7740E8001F8EF7 /* Images.xcassets */; };
		4C1266A51A7740E8001F8EF7 /* SB__Tests.m in Sources */ = {isa = PBXBuildFile; fileRef = 4C1266A41A7740E8001F8EF7 /* SB__Tests.m */; };
		4C1266B41A776614001F8EF7 /* MessageViewController.m in Sources */ = {isa = PBXBuildFile; fileRef = 4C1266B31A776614001F8EF7 /* MessageViewController.m */; };
		4C1266B61A776624001F8EF7 /* friendsStroyboard.storyboard in Resources */ = {isa = PBXBuildFile; fileRef = 4C1266B51A776624001F8EF7 /* friendsStroyboard.storyboard */; };
		4C1266B91A776660001F8EF7 /* YZContactTableViewController.m in Sources */ = {isa = PBXBuildFile; fileRef = 4C1266B81A776660001F8EF7 /* YZContactTableViewController.m */; };
		4C1266BB1A7766A8001F8EF7 /* PersonStrory.storyboard in Resources */ = {isa = PBXBuildFile; fileRef = 4C1266BA1A7766A8001F8EF7 /* PersonStrory.storyboard */; };
		4C1266BD1A777E36001F8EF7 /* MainUI.plist in Resources */ = {isa = PBXBuildFile; fileRef = 4C1266BC1A777E36001F8EF7 /* MainUI.plist */; };
		4C1266BF1A778528001F8EF7 /* hhh.storyboard in Resources */ = {isa = PBXBuildFile; fileRef = 4C1266BE1A778528001F8EF7 /* hhh.storyboard */; };
/* End PBXBuildFile section */

/* Begin PBXContainerItemProxy section */
		4C12669F1A7740E8001F8EF7 /* PBXContainerItemProxy */ = {
			isa = PBXContainerItemProxy;
			containerPortal = 4C12667D1A7740E7001F8EF7 /* Project object */;
			proxyType = 1;
			remoteGlobalIDString = 4C1266841A7740E7001F8EF7;
			remoteInfo = "SB测试";
		};
/* End PBXContainerItemProxy section */

/* Begin PBXFileReference section */
		4C1266851A7740E7001F8EF7 /* SB测试.app */ = {isa = PBXFileReference; explicitFileType = wrapper.application; includeInIndex = 0; path = "SB测试.app"; sourceTree = BUILT_PRODUCTS_DIR; };
		4C1266891A7740E7001F8EF7 /* Info.plist */ = {isa = PBXFileReference; lastKnownFileType = text.plist.xml; path = Info.plist; sourceTree = "<group>"; };
		4C12668A1A7740E7001F8EF7 /* main.m */ = {isa = PBXFileReference; lastKnownFileType = sourcecode.c.objc; path = main.m; sourceTree = "<group>"; };
		4C12668C1A7740E7001F8EF7 /* AppDelegate.h */ = {isa = PBXFileReference; lastKnownFileType = sourcecode.c.h; path = AppDelegate.h; sourceTree = "<group>"; };
		4C12668D1A7740E7001F8EF7 /* AppDelegate.m */ = {isa = PBXFileReference; lastKnownFileType = sourcecode.c.objc; path = AppDelegate.m; sourceTree = "<group>"; };
		4C12668F1A7740E7001F8EF7 /* ViewController.h */ = {isa = PBXFileReference; lastKnownFileType = sourcecode.c.h; path = ViewController.h; sourceTree = "<group>"; };
		4C1266901A7740E7001F8EF7 /* ViewController.m */ = {isa = PBXFileReference; lastKnownFileType = sourcecode.c.objc; path = ViewController.m; sourceTree = "<group>"; };
		4C1266951A7740E8001F8EF7 /* Images.xcassets */ = {isa = PBXFileReference; lastKnownFileType = folder.assetcatalog; path = Images.xcassets; sourceTree = "<group>"; };
		4C12669E1A7740E8001F8EF7 /* SB测试Tests.xctest */ = {isa = PBXFileReference; explicitFileType = wrapper.cfbundle; includeInIndex = 0; path = "SB测试Tests.xctest"; sourceTree = BUILT_PRODUCTS_DIR; };
		4C1266A31A7740E8001F8EF7 /* Info.plist */ = {isa = PBXFileReference; lastKnownFileType = text.plist.xml; path = Info.plist; sourceTree = "<group>"; };
		4C1266A41A7740E8001F8EF7 /* SB__Tests.m */ = {isa = PBXFileReference; lastKnownFileType = sourcecode.c.objc; path = SB__Tests.m; sourceTree = "<group>"; };
		4C1266B21A776614001F8EF7 /* MessageViewController.h */ = {isa = PBXFileReference; fileEncoding = 4; lastKnownFileType = sourcecode.c.h; path = MessageViewController.h; sourceTree = "<group>"; };
		4C1266B31A776614001F8EF7 /* MessageViewController.m */ = {isa = PBXFileReference; fileEncoding = 4; lastKnownFileType = sourcecode.c.objc; path = MessageViewController.m; sourceTree = "<group>"; };
		4C1266B51A776624001F8EF7 /* friendsStroyboard.storyboard */ = {isa = PBXFileReference; fileEncoding = 4; lastKnownFileType = file.storyboard; path = friendsStroyboard.storyboard; sourceTree = "<group>"; };
		4C1266B71A776660001F8EF7 /* YZContactTableViewController.h */ = {isa = PBXFileReference; fileEncoding = 4; lastKnownFileType = sourcecode.c.h; path = YZContactTableViewController.h; sourceTree = "<group>"; };
		4C1266B81A776660001F8EF7 /* YZContactTableViewController.m */ = {isa = PBXFileReference; fileEncoding = 4; lastKnownFileType = sourcecode.c.objc; path = YZContactTableViewController.m; sourceTree = "<group>"; };
		4C1266BA1A7766A8001F8EF7 /* PersonStrory.storyboard */ = {isa = PBXFileReference; fileEncoding = 4; lastKnownFileType = file.storyboard; path = PersonStrory.storyboard; sourceTree = "<group>"; };
		4C1266BC1A777E36001F8EF7 /* MainUI.plist */ = {isa = PBXFileReference; fileEncoding = 4; lastKnownFileType = text.plist.xml; path = MainUI.plist; sourceTree = "<group>"; };
		4C1266BE1A778528001F8EF7 /* hhh.storyboard */ = {isa = PBXFileReference; fileEncoding = 4; lastKnownFileType = file.storyboard; path = hhh.storyboard; sourceTree = "<group>"; };
/* End PBXFileReference section */

/* Begin PBXFrameworksBuildPhase section */
		4C1266821A7740E7001F8EF7 /* Frameworks */ = {
			isa = PBXFrameworksBuildPhase;
			buildActionMask = 2147483647;
			files = (
			);
			runOnlyForDeploymentPostprocessing = 0;
		};
		4C12669B1A7740E8001F8EF7 /* Frameworks */ = {
			isa = PBXFrameworksBuildPhase;
			buildActionMask = 2147483647;
			files = (
			);
			runOnlyForDeploymentPostprocessing = 0;
		};
/* End PBXFrameworksBuildPhase section */

/* Begin PBXGroup section */
		4C12667C1A7740E7001F8EF7 = {
			isa = PBXGroup;
			children = (
				4C1266871A7740E7001F8EF7 /* SB测试 */,
				4C1266A11A7740E8001F8EF7 /* SB测试Tests */,
				4C1266861A7740E7001F8EF7 /* Products */,
			);
			sourceTree = "<group>";
		};
		4C1266861A7740E7001F8EF7 /* Products */ = {
			isa = PBXGroup;
			children = (
				4C1266851A7740E7001F8EF7 /* SB测试.app */,
				4C12669E1A7740E8001F8EF7 /* SB测试Tests.xctest */,
			);
			name = Products;
			sourceTree = "<group>";
		};
		4C1266871A7740E7001F8EF7 /* SB测试 */ = {
			isa = PBXGroup;
			children = (
				4C1266AE1A77658C001F8EF7 /* Classes */,
				4C12668C1A7740E7001F8EF7 /* AppDelegate.h */,
				4C12668D1A7740E7001F8EF7 /* AppDelegate.m */,
				4C12668F1A7740E7001F8EF7 /* ViewController.h */,
				4C1266901A7740E7001F8EF7 /* ViewController.m */,
				4C1266951A7740E8001F8EF7 /* Images.xcassets */,
				4C1266881A7740E7001F8EF7 /* Supporting Files */,
			);
			path = "SB测试";
			sourceTree = "<group>";
		};
		4C1266881A7740E7001F8EF7 /* Supporting Files */ = {
			isa = PBXGroup;
			children = (
				4C1266BC1A777E36001F8EF7 /* MainUI.plist */,
				4C1266891A7740E7001F8EF7 /* Info.plist */,
				4C12668A1A7740E7001F8EF7 /* main.m */,
			);
			name = "Supporting Files";
			sourceTree = "<group>";
		};
		4C1266A11A7740E8001F8EF7 /* SB测试Tests */ = {
			isa = PBXGroup;
			children = (
				4C1266A41A7740E8001F8EF7 /* SB__Tests.m */,
				4C1266A21A7740E8001F8EF7 /* Supporting Files */,
			);
			path = "SB测试Tests";
			sourceTree = "<group>";
		};
		4C1266A21A7740E8001F8EF7 /* Supporting Files */ = {
			isa = PBXGroup;
			children = (
				4C1266A31A7740E8001F8EF7 /* Info.plist */,
			);
			name = "Supporting Files";
			sourceTree = "<group>";
		};
		4C1266AE1A77658C001F8EF7 /* Classes */ = {
			isa = PBXGroup;
			children = (
				4C1266AF1A77658C001F8EF7 /* friends */,
				4C1266B01A77658C001F8EF7 /* person */,
				4C1266B11A77658C001F8EF7 /* setting */,
			);
			path = Classes;
			sourceTree = "<group>";
		};
		4C1266AF1A77658C001F8EF7 /* friends */ = {
			isa = PBXGroup;
			children = (
				4C1266B21A776614001F8EF7 /* MessageViewController.h */,
				4C1266B31A776614001F8EF7 /* MessageViewController.m */,
				4C1266B51A776624001F8EF7 /* friendsStroyboard.storyboard */,
			);
			path = friends;
			sourceTree = "<group>";
		};
		4C1266B01A77658C001F8EF7 /* person */ = {
			isa = PBXGroup;
			children = (
				4C1266B71A776660001F8EF7 /* YZContactTableViewController.h */,
				4C1266B81A776660001F8EF7 /* YZContactTableViewController.m */,
				4C1266BA1A7766A8001F8EF7 /* PersonStrory.storyboard */,
				4C1266BE1A778528001F8EF7 /* hhh.storyboard */,
			);
			path = person;
			sourceTree = "<group>";
		};
		4C1266B11A77658C001F8EF7 /* setting */ = {
			isa = PBXGroup;
			children = (
			);
			path = setting;
			sourceTree = "<group>";
		};
/* End PBXGroup section */

/* Begin PBXNativeTarget section */
		4C1266841A7740E7001F8EF7 /* SB测试 */ = {
			isa = PBXNativeTarget;
			buildConfigurationList = 4C1266A81A7740E8001F8EF7 /* Build configuration list for PBXNativeTarget "SB测试" */;
			buildPhases = (
				4C1266811A7740E7001F8EF7 /* Sources */,
				4C1266821A7740E7001F8EF7 /* Frameworks */,
				4C1266831A7740E7001F8EF7 /* Resources */,
			);
			buildRules = (
			);
			dependencies = (
			);
			name = "SB测试";
			productName = "SB测试";
			productReference = 4C1266851A7740E7001F8EF7 /* SB测试.app */;
			productType = "com.apple.product-type.application";
		};
		4C12669D1A7740E8001F8EF7 /* SB测试Tests */ = {
			isa = PBXNativeTarget;
			buildConfigurationList = 4C1266AB1A7740E8001F8EF7 /* Build configuration list for PBXNativeTarget "SB测试Tests" */;
			buildPhases = (
				4C12669A1A7740E8001F8EF7 /* Sources */,
				4C12669B1A7740E8001F8EF7 /* Frameworks */,
				4C12669C1A7740E8001F8EF7 /* Resources */,
			);
			buildRules = (
			);
			dependencies = (
				4C1266A01A7740E8001F8EF7 /* PBXTargetDependency */,
			);
			name = "SB测试Tests";
			productName = "SB测试Tests";
			productReference = 4C12669E1A7740E8001F8EF7 /* SB测试Tests.xctest */;
			productType = "com.apple.product-type.bundle.unit-test";
		};
/* End PBXNativeTarget section */

/* Begin PBXProject section */
		4C12667D1A7740E7001F8EF7 /* Project object */ = {
			isa = PBXProject;
			attributes = {
				LastUpgradeCheck = 0620;
				ORGANIZATIONNAME = monileNowGroup;
				TargetAttributes = {
					4C1266841A7740E7001F8EF7 = {
						CreatedOnToolsVersion = 6.2;
					};
					4C12669D1A7740E8001F8EF7 = {
						CreatedOnToolsVersion = 6.2;
						TestTargetID = 4C1266841A7740E7001F8EF7;
					};
				};
			};
			buildConfigurationList = 4C1266801A7740E7001F8EF7 /* Build configuration list for PBXProject "SB测试" */;
			compatibilityVersion = "Xcode 3.2";
			developmentRegion = English;
			hasScannedForEncodings = 0;
			knownRegions = (
				en,
				Base,
			);
			mainGroup = 4C12667C1A7740E7001F8EF7;
			productRefGroup = 4C1266861A7740E7001F8EF7 /* Products */;
			projectDirPath = "";
			projectRoot = "";
			targets = (
				4C1266841A7740E7001F8EF7 /* SB测试 */,
				4C12669D1A7740E8001F8EF7 /* SB测试Tests */,
			);
		};
/* End PBXProject section */

/* Begin PBXResourcesBuildPhase section */
		4C1266831A7740E7001F8EF7 /* Resources */ = {
			isa = PBXResourcesBuildPhase;
			buildActionMask = 2147483647;
			files = (
				4C1266BB1A7766A8001F8EF7 /* PersonStrory.storyboard in Resources */,
				4C1266BD1A777E36001F8EF7 /* MainUI.plist in Resources */,
				4C1266BF1A778528001F8EF7 /* hhh.storyboard in Resources */,
				4C1266B61A776624001F8EF7 /* friendsStroyboard.storyboard in Resources */,
				4C1266961A7740E8001F8EF7 /* Images.xcassets in Resources */,
			);
			runOnlyForDeploymentPostprocessing = 0;
		};
		4C12669C1A7740E8001F8EF7 /* Resources */ = {
			isa = PBXResourcesBuildPhase;
			buildActionMask = 2147483647;
			files = (
			);
			runOnlyForDeploymentPostprocessing = 0;
		};
/* End PBXResourcesBuildPhase section */

/* Begin PBXSourcesBuildPhase section */
		4C1266811A7740E7001F8EF7 /* Sources */ = {
			isa = PBXSourcesBuildPhase;
			buildActionMask = 2147483647;
			files = (
				4C1266911A7740E7001F8EF7 /* ViewController.m in Sources */,
				4C1266B41A776614001F8EF7 /* MessageViewController.m in Sources */,
				4C12668E1A7740E7001F8EF7 /* AppDelegate.m in Sources */,
				4C12668B1A7740E7001F8EF7 /* main.m in Sources */,
				4C1266B91A776660001F8EF7 /* YZContactTableViewController.m in Sources */,
			);
			runOnlyForDeploymentPostprocessing = 0;
		};
		4C12669A1A7740E8001F8EF7 /* Sources */ = {
			isa = PBXSourcesBuildPhase;
			buildActionMask = 2147483647;
			files = (
				4C1266A51A7740E8001F8EF7 /* SB__Tests.m in Sources */,
			);
			runOnlyForDeploymentPostprocessing = 0;
		};
/* End PBXSourcesBuildPhase section */

/* Begin PBXTargetDependency section */
		4C1266A01A7740E8001F8EF7 /* PBXTargetDependency */ = {
			isa = PBXTargetDependency;
			target = 4C1266841A7740E7001F8EF7 /* SB测试 */;
			targetProxy = 4C12669F1A7740E8001F8EF7 /* PBXContainerItemProxy */;
		};
/* End PBXTargetDependency section */

/* Begin XCBuildConfiguration section */
		4C1266A61A7740E8001F8EF7 /* Debug */ = {
			isa = XCBuildConfiguration;
			buildSettings = {
				ALWAYS_SEARCH_USER_PATHS = NO;
				CLANG_CXX_LANGUAGE_STANDARD = "gnu++0x";
				CLANG_CXX_LIBRARY = "libc++";
				CLANG_ENABLE_MODULES = YES;
				CLANG_ENABLE_OBJC_ARC = YES;
				CLANG_WARN_BOOL_CONVERSION = YES;
				CLANG_WARN_CONSTANT_CONVERSION = YES;
				CLANG_WARN_DIRECT_OBJC_ISA_USAGE = YES_ERROR;
				CLANG_WARN_EMPTY_BODY = YES;
				CLANG_WARN_ENUM_CONVERSION = YES;
				CLANG_WARN_INT_CONVERSION = YES;
				CLANG_WARN_OBJC_ROOT_CLASS = YES_ERROR;
				CLANG_WARN_UNREACHABLE_CODE = YES;
				CLANG_WARN__DUPLICATE_METHOD_MATCH = YES;
				"CODE_SIGN_IDENTITY[sdk=iphoneos*]" = "iPhone Developer";
				COPY_PHASE_STRIP = NO;
				ENABLE_STRICT_OBJC_MSGSEND = YES;
				GCC_C_LANGUAGE_STANDARD = gnu99;
				GCC_DYNAMIC_NO_PIC = NO;
				GCC_OPTIMIZATION_LEVEL = 0;
				GCC_PREPROCESSOR_DEFINITIONS = (
					"DEBUG=1",
					"$(inherited)",
				);
				GCC_SYMBOLS_PRIVATE_EXTERN = NO;
				GCC_WARN_64_TO_32_BIT_CONVERSION = YES;
				GCC_WARN_ABOUT_RETURN_TYPE = YES_ERROR;
				GCC_WARN_UNDECLARED_SELECTOR = YES;
				GCC_WARN_UNINITIALIZED_AUTOS = YES_AGGRESSIVE;
				GCC_WARN_UNUSED_FUNCTION = YES;
				GCC_WARN_UNUSED_VARIABLE = YES;
				IPHONEOS_DEPLOYMENT_TARGET = 8.2;
				MTL_ENABLE_DEBUG_INFO = YES;
				ONLY_ACTIVE_ARCH = YES;
				SDKROOT = iphoneos;
			};
			name = Debug;
		};
		4C1266A71A7740E8001F8EF7 /* Release */ = {
			isa = XCBuildConfiguration;
			buildSettings = {
				ALWAYS_SEARCH_USER_PATHS = NO;
				CLANG_CXX_LANGUAGE_STANDARD = "gnu++0x";
				CLANG_CXX_LIBRARY = "libc++";
				CLANG_ENABLE_MODULES = YES;
				CLANG_ENABLE_OBJC_ARC = YES;
				CLANG_WARN_BOOL_CONVERSION = YES;
				CLANG_WARN_CONSTANT_CONVERSION = YES;
				CLANG_WARN_DIRECT_OBJC_ISA_USAGE = YES_ERROR;
				CLANG_WARN_EMPTY_BODY = YES;
				CLANG_WARN_ENUM_CONVERSION = YES;
				CLANG_WARN_INT_CONVERSION = YES;
				CLANG_WARN_OBJC_ROOT_CLASS = YES_ERROR;
				CLANG_WARN_UNREACHABLE_CODE = YES;
				CLANG_WARN__DUPLICATE_METHOD_MATCH = YES;
				"CODE_SIGN_IDENTITY[sdk=iphoneos*]" = "iPhone Developer";
				COPY_PHASE_STRIP = YES;
				ENABLE_NS_ASSERTIONS = NO;
				ENABLE_STRICT_OBJC_MSGSEND = YES;
				GCC_C_LANGUAGE_STANDARD = gnu99;
				GCC_WARN_64_TO_32_BIT_CONVERSION = YES;
				GCC_WARN_ABOUT_RETURN_TYPE = YES_ERROR;
				GCC_WARN_UNDECLARED_SELECTOR = YES;
				GCC_WARN_UNINITIALIZED_AUTOS = YES_AGGRESSIVE;
				GCC_WARN_UNUSED_FUNCTION = YES;
				GCC_WARN_UNUSED_VARIABLE = YES;
				IPHONEOS_DEPLOYMENT_TARGET = 8.2;
				MTL_ENABLE_DEBUG_INFO = NO;
				SDKROOT = iphoneos;
				VALIDATE_PRODUCT = YES;
			};
			name = Release;
		};
		4C1266A91A7740E8001F8EF7 /* Debug */ = {
			isa = XCBuildConfiguration;
			buildSettings = {
				ASSETCATALOG_COMPILER_APPICON_NAME = AppIcon;
				INFOPLIST_FILE = "SB测试/Info.plist";
				LD_RUNPATH_SEARCH_PATHS = "$(inherited) @executable_path/Frameworks";
				PRODUCT_NAME = "$(TARGET_NAME)";
			};
			name = Debug;
		};
		4C1266AA1A7740E8001F8EF7 /* Release */ = {
			isa = XCBuildConfiguration;
			buildSettings = {
				ASSETCATALOG_COMPILER_APPICON_NAME = AppIcon;
				INFOPLIST_FILE = "SB测试/Info.plist";
				LD_RUNPATH_SEARCH_PATHS = "$(inherited) @executable_path/Frameworks";
				PRODUCT_NAME = "$(TARGET_NAME)";
			};
			name = Release;
		};
		4C1266AC1A7740E8001F8EF7 /* Debug */ = {
			isa = XCBuildConfiguration;
			buildSettings = {
				BUNDLE_LOADER = "$(TEST_HOST)";
				FRAMEWORK_SEARCH_PATHS = (
					"$(SDKROOT)/Developer/Library/Frameworks",
					"$(inherited)",
				);
				GCC_PREPROCESSOR_DEFINITIONS = (
					"DEBUG=1",
					"$(inherited)",
				);
				INFOPLIST_FILE = "SB测试Tests/Info.plist";
				LD_RUNPATH_SEARCH_PATHS = "$(inherited) @executable_path/Frameworks @loader_path/Frameworks";
				PRODUCT_NAME = "$(TARGET_NAME)";
				TEST_HOST = "$(BUILT_PRODUCTS_DIR)/SB测试.app/SB测试";
			};
			name = Debug;
		};
		4C1266AD1A7740E8001F8EF7 /* Release */ = {
			isa = XCBuildConfiguration;
			buildSettings = {
				BUNDLE_LOADER = "$(TEST_HOST)";
				FRAMEWORK_SEARCH_PATHS = (
					"$(SDKROOT)/Developer/Library/Frameworks",
					"$(inherited)",
				);
				INFOPLIST_FILE = "SB测试Tests/Info.plist";
				LD_RUNPATH_SEARCH_PATHS = "$(inherited) @executable_path/Frameworks @loader_path/Frameworks";
				PRODUCT_NAME = "$(TARGET_NAME)";
				TEST_HOST = "$(BUILT_PRODUCTS_DIR)/SB测试.app/SB测试";
			};
			name = Release;
		};
/* End XCBuildConfiguration section */

/* Begin XCConfigurationList section */
		4C1266801A7740E7001F8EF7 /* Build configuration list for PBXProject "SB测试" */ = {
			isa = XCConfigurationList;
			buildConfigurations = (
				4C1266A61A7740E8001F8EF7 /* Debug */,
				4C1266A71A7740E8001F8EF7 /* Release */,
			);
			defaultConfigurationIsVisible = 0;
			defaultConfigurationName = Release;
		};
		4C1266A81A7740E8001F8EF7 /* Build configuration list for PBXNativeTarget "SB测试" */ = {
			isa = XCConfigurationList;
			buildConfigurations = (
				4C1266A91A7740E8001F8EF7 /* Debug */,
				4C1266AA1A7740E8001F8EF7 /* Release */,
			);
			defaultConfigurationIsVisible = 0;
		};
		4C1266AB1A7740E8001F8EF7 /* Build configuration list for PBXNativeTarget "SB测试Tests" */ = {
			isa = XCConfigurationList;
			buildConfigurations = (
				4C1266AC1A7740E8001F8EF7 /* Debug */,
				4C1266AD1A7740E8001F8EF7 /* Release */,
			);
			defaultConfigurationIsVisible = 0;
		};
/* End XCConfigurationList section */
	};
	rootObject = 4C12667D1A7740E7001F8EF7 /* Project object */;
}
